
Microsoft Visual Studio Solution File, Format Version 12.00
# Visual Studio Version 16
VisualStudioVersion = 16.0.30523.141
MinimumVisualStudioVersion = 10.0.40219.1
Project("{FAE04EC0-301F-11D3-BF4B-00C04F79EFBC}") = "Praktika4", "Praktika4.csproj", "{5132B0A2-0FEC-4D85-A59C-0D62E9BB451E}"
EndProject
Global
	GlobalSection(SolutionConfigurationPlatforms) = preSolution
		Debug|Any CPU = Debug|Any CPU
		Release|Any CPU = Release|Any CPU
	EndGlobalSection
	GlobalSection(ProjectConfigurationPlatforms) = postSolution
		{5132B0A2-0FEC-4D85-A59C-0D62E9BB451E}.Debug|Any CPU.ActiveCfg = Debug|Any CPU
		{5132B0A2-0FEC-4D85-A59C-0D62E9BB451E}.Debug|Any CPU.Build.0 = Debug|Any CPU
		{5132B0A2-0FEC-4D85-A59C-0D62E9BB451E}.Release|Any CPU.ActiveCfg = Release|Any CPU
		{5132B0A2-0FEC-4D85-A59C-0D62E9BB451E}.Release|Any CPU.Build.0 = Release|Any CPU
	EndGlobalSection
	GlobalSection(SolutionProperties) = preSolution
		HideSolutionNode = FALSE
	EndGlobalSection
	GlobalSection(ExtensibilityGlobals) = postSolution
		SolutionGuid = {E7C94DBD-518F-4415-8231-DA916CFB2F1F}
	EndGlobalSection
EndGlobal
